name = "not_for_publish/not_for_publish"
version = "0.0.1"
target = "lune"

[graph."itsfrank/frktest"."0.0.2 lune"]
direct = ["frktest", { name = "itsfrank/frktest", version = "^0.0.2" }, "dev"]
resolved_ty = "dev"

[graph."itsfrank/frktest"."0.0.2 lune".target]
environment = "lune"
lib = "src/_pesde_init.luau"

[graph."itsfrank/frktest"."0.0.2 lune".pkg_ref]
ref_ty = "pesde"
name = "itsfrank/frktest"
version = "0.0.2"
index_url = "https://github.com/daimond113/pesde-index"

[graph."itsfrank/frktest"."0.0.2 lune".pkg_ref.target]
environment = "lune"
lib = "src/_pesde_init.luau"

[graph."synpixel/base64"."3.0.1 lune"]
direct = ["base64", { name = "synpixel/base64", version = "^3.0.0" }, "dev"]
resolved_ty = "dev"

[graph."synpixel/base64"."3.0.1 lune".target]
environment = "lune"
lib = "lib.luau"

[graph."synpixel/base64"."3.0.1 lune".pkg_ref]
ref_ty = "pesde"
name = "synpixel/base64"
version = "3.0.1"
index_url = "https://github.com/daimond113/pesde-index"

[graph."synpixel/base64"."3.0.1 lune".pkg_ref.target]
environment = "lune"
lib = "lib.luau"
